
Microsoft Visual Studio Solution File, Format Version 12.00
# Visual Studio Version 17
VisualStudioVersion = 17.7.34024.191
MinimumVisualStudioVersion = 10.0.40219.1
Project("{9A19103F-16F7-4668-BE54-9A1E7A4F7556}") = "Finteq_Library", "Finteq_Library.csproj", "{51B20D10-A0B1-4E52-9E6B-03A350B49CF8}"
EndProject
Global
	GlobalSection(SolutionConfigurationPlatforms) = preSolution
		Debug|Any CPU = Debug|Any CPU
		Release|Any CPU = Release|Any CPU
	EndGlobalSection
	GlobalSection(ProjectConfigurationPlatforms) = postSolution
		{51B20D10-A0B1-4E52-9E6B-03A350B49CF8}.Debug|Any CPU.ActiveCfg = Debug|Any CPU
		{51B20D10-A0B1-4E52-9E6B-03A350B49CF8}.Debug|Any CPU.Build.0 = Debug|Any CPU
		{51B20D10-A0B1-4E52-9E6B-03A350B49CF8}.Release|Any CPU.ActiveCfg = Release|Any CPU
		{51B20D10-A0B1-4E52-9E6B-03A350B49CF8}.Release|Any CPU.Build.0 = Release|Any CPU
	EndGlobalSection
	GlobalSection(SolutionProperties) = preSolution
		HideSolutionNode = FALSE
	EndGlobalSection
	GlobalSection(ExtensibilityGlobals) = postSolution
		SolutionGuid = {767FC64A-8E52-4AFC-B794-9FB25333E500}
	EndGlobalSection
EndGlobal
